
Microsoft Visual Studio Solution File, Format Version 12.00
# Visual Studio Version 16
VisualStudioVersion = 16.0.808.3
MinimumVisualStudioVersion = 10.0.40219.1
Project("{FAE04EC0-301F-11D3-BF4B-00C04F79EFBC}") = "Hello_World", "Hello_World\Hello_World.csproj", "{8D3B5194-DDFA-4AE7-BC66-A65842539EEE}"
EndProject
Global
	GlobalSection(SolutionConfigurationPlatforms) = preSolution
		Debug|anycpu = Debug|anycpu
		Release|anycpu = Release|anycpu
	EndGlobalSection
	GlobalSection(ProjectConfigurationPlatforms) = postSolution
		{8D3B5194-DDFA-4AE7-BC66-A65842539EEE}.Debug|anycpu.ActiveCfg = Debug|anycpu
		{8D3B5194-DDFA-4AE7-BC66-A65842539EEE}.Debug|anycpu.Build.0 = Debug|anycpu
		{8D3B5194-DDFA-4AE7-BC66-A65842539EEE}.Release|anycpu.ActiveCfg = Release|anycpu
		{8D3B5194-DDFA-4AE7-BC66-A65842539EEE}.Release|anycpu.Build.0 = Release|anycpu
	EndGlobalSection
	GlobalSection(SolutionProperties) = preSolution
		HideSolutionNode = FALSE
	EndGlobalSection
	GlobalSection(ExtensibilityGlobals) = postSolution
		SolutionGuid = {1B2C80D0-C912-49D5-A30E-59F30520378F}
	EndGlobalSection
EndGlobal
